Microsoft Visual Studio Solution File, Format Version 11.00
# Visual Studio 2008

Project("{4ECB080C-3315-518D-0575-848FD5772249}") = "jason_sub", "Assembly-CSharp-firstpass-vs.csproj", "{E597A11B-DB28-A525-C462-DB35CE0AFB21}"
EndProject
Global
	GlobalSection(SolutionConfigurationPlatforms) = preSolution
		Debug|Any CPU = Debug|Any CPU
		Release|Any CPU = Release|Any CPU
	EndGlobalSection
	GlobalSection(ProjectConfigurationPlatforms) = postSolution
		{E597A11B-DB28-A525-C462-DB35CE0AFB21}.Debug|Any CPU.ActiveCfg = Debug|Any CPU
		{E597A11B-DB28-A525-C462-DB35CE0AFB21}.Debug|Any CPU.Build.0 = Debug|Any CPU
		{E597A11B-DB28-A525-C462-DB35CE0AFB21}.Release|Any CPU.ActiveCfg = Release|Any CPU
		{E597A11B-DB28-A525-C462-DB35CE0AFB21}.Release|Any CPU.Build.0 = Release|Any CPU
	EndGlobalSection
	GlobalSection(SolutionProperties) = preSolution
		HideSolutionNode = FALSE
	EndGlobalSection
					GlobalSection(MonoDevelopProperties) = preSolution
		StartupItem = Assembly-CSharp.csproj
		Policies = $0
		$0.TextStylePolicy = $1
		$1.inheritsSet = null
		$1.scope = text/x-csharp
		$0.CSharpFormattingPolicy = $2
		$2.inheritsSet = Mono
		$2.inheritsScope = text/x-csharp
		$2.scope = text/x-csharp
		$0.TextStylePolicy = $3
		$3.FileWidth = 120
		$3.TabWidth = 4
		$3.EolMarker = Unix
		$3.inheritsSet = Mono
		$3.inheritsScope = text/plain
		$3.scope = text/plain
	EndGlobalSection

EndGlobal
